// !$*UTF8*$!
{
	archiveVersion = 1;
	classes = {
	};
	objectVersion = 50;
	objects = {

/* Begin PBXBuildFile section */
		4D00C09722C68E9B000899EE /* FMDatabasePool.m in Sources */ = {isa = PBXBuildFile; fileRef = 4D00C09622C68E9B000899EE /* FMDatabasePool.m */; };
		4DCB00CD221E4CC800C73D14 /* AppDelegate.swift in Sources */ = {isa = PBXBuildFile; fileRef = 4DCB00CC221E4CC800C73D14 /* AppDelegate.swift */; };
		4DCB00CF221E4CC800C73D14 /* ViewController.swift in Sources */ = {isa = PBXBuildFile; fileRef = 4DCB00CE221E4CC800C73D14 /* ViewController.swift */; };
		4DCB00D4221E4CC800C73D14 /* Assets.xcassets in Resources */ = {isa = PBXBuildFile; fileRef = 4DCB00D3221E4CC800C73D14 /* Assets.xcassets */; };
		4DCB00D7221E4CC800C73D14 /* LaunchScreen.storyboard in Resources */ = {isa = PBXBuildFile; fileRef = 4DCB00D5221E4CC800C73D14 /* LaunchScreen.storyboard */; };
		4DCB00DF221E4D7C00C73D14 /* MonthView.swift in Sources */ = {isa = PBXBuildFile; fileRef = 4DCB00DE221E4D7C00C73D14 /* MonthView.swift */; };
		4DCB00E1221E4D9F00C73D14 /* WeekdaysView.swift in Sources */ = {isa = PBXBuildFile; fileRef = 4DCB00E0221E4D9F00C73D14 /* WeekdaysView.swift */; };
		4DCB00E3221E4DCA00C73D14 /* CalenderView.swift in Sources */ = {isa = PBXBuildFile; fileRef = 4DCB00E2221E4DCA00C73D14 /* CalenderView.swift */; };
		4DCB00E52229670E00C73D14 /* DiaryView.swift in Sources */ = {isa = PBXBuildFile; fileRef = 4DCB00E42229670E00C73D14 /* DiaryView.swift */; };
		4DCB00E72232F63B00C73D14 /* DiaryController.swift in Sources */ = {isa = PBXBuildFile; fileRef = 4DCB00E62232F63B00C73D14 /* DiaryController.swift */; };
		4DCB00EB2243AC8000C73D14 /* DiaryView.storyboard in Resources */ = {isa = PBXBuildFile; fileRef = 4DCB00EA2243AC8000C73D14 /* DiaryView.storyboard */; };
		4DF7B0322263B43F00506177 /* libsqlite3.tbd in Frameworks */ = {isa = PBXBuildFile; fileRef = 4DF7B0312263B43F00506177 /* libsqlite3.tbd */; };
		4DF7B03F2263B5FF00506177 /* FMDatabaseAdditions.m in Sources */ = {isa = PBXBuildFile; fileRef = 4DF7B0342263B5FE00506177 /* FMDatabaseAdditions.m */; };
		4DF7B0402263B5FF00506177 /* FMDatabasePool.m in Sources */ = {isa = PBXBuildFile; fileRef = 4DF7B0362263B5FE00506177 /* FMDatabasePool.m */; };
		4DF7B0412263B5FF00506177 /* FMDatabase.m in Sources */ = {isa = PBXBuildFile; fileRef = 4DF7B0382263B5FE00506177 /* FMDatabase.m */; };
		4DF7B0422263B5FF00506177 /* FMResultSet.m in Sources */ = {isa = PBXBuildFile; fileRef = 4DF7B03B2263B5FF00506177 /* FMResultSet.m */; };
		4DF7B0432263B5FF00506177 /* FMDatabaseQueue.m in Sources */ = {isa = PBXBuildFile; fileRef = 4DF7B03D2263B5FF00506177 /* FMDatabaseQueue.m */; };
/* End PBXBuildFile section */

/* Begin PBXFileReference section */
		4D00C09622C68E9B000899EE /* FMDatabasePool.m */ = {isa = PBXFileReference; fileEncoding = 4; lastKnownFileType = sourcecode.c.objc; name = FMDatabasePool.m; path = ../../../Downloads/FMDatabasePool.m; sourceTree = "<group>"; };
		4DCB00C9221E4CC800C73D14 /* Diary.app */ = {isa = PBXFileReference; explicitFileType = wrapper.application; includeInIndex = 0; path = Diary.app; sourceTree = BUILT_PRODUCTS_DIR; };
		4DCB00CC221E4CC800C73D14 /* AppDelegate.swift */ = {isa = PBXFileReference; lastKnownFileType = sourcecode.swift; path = AppDelegate.swift; sourceTree = "<group>"; };
		4DCB00CE221E4CC800C73D14 /* ViewController.swift */ = {isa = PBXFileReference; lastKnownFileType = sourcecode.swift; path = ViewController.swift; sourceTree = "<group>"; };
		4DCB00D3221E4CC800C73D14 /* Assets.xcassets */ = {isa = PBXFileReference; lastKnownFileType = folder.assetcatalog; path = Assets.xcassets; sourceTree = "<group>"; };
		4DCB00D6221E4CC800C73D14 /* Base */ = {isa = PBXFileReference; lastKnownFileType = file.storyboard; name = Base; path = Base.lproj/LaunchScreen.storyboard; sourceTree = "<group>"; };
		4DCB00D8221E4CC800C73D14 /* Info.plist */ = {isa = PBXFileReference; lastKnownFileType = text.plist.xml; path = Info.plist; sourceTree = "<group>"; };
		4DCB00DE221E4D7C00C73D14 /* MonthView.swift */ = {isa = PBXFileReference; lastKnownFileType = sourcecode.swift; path = MonthView.swift; sourceTree = "<group>"; };
		4DCB00E0221E4D9F00C73D14 /* WeekdaysView.swift */ = {isa = PBXFileReference; lastKnownFileType = sourcecode.swift; path = WeekdaysView.swift; sourceTree = "<group>"; };
		4DCB00E2221E4DCA00C73D14 /* CalenderView.swift */ = {isa = PBXFileReference; lastKnownFileType = sourcecode.swift; path = CalenderView.swift; sourceTree = "<group>"; };
		4DCB00E42229670E00C73D14 /* DiaryView.swift */ = {isa = PBXFileReference; lastKnownFileType = sourcecode.swift; path = DiaryView.swift; sourceTree = "<group>"; };
		4DCB00E62232F63B00C73D14 /* DiaryController.swift */ = {isa = PBXFileReference; lastKnownFileType = sourcecode.swift; path = DiaryController.swift; sourceTree = "<group>"; };
		4DCB00EA2243AC8000C73D14 /* DiaryView.storyboard */ = {isa = PBXFileReference; lastKnownFileType = file.storyboard; path = DiaryView.storyboard; sourceTree = "<group>"; };
		4DF7B0312263B43F00506177 /* libsqlite3.tbd */ = {isa = PBXFileReference; lastKnownFileType = "sourcecode.text-based-dylib-definition"; name = libsqlite3.tbd; path = usr/lib/libsqlite3.tbd; sourceTree = SDKROOT; };
		4DF7B0332263B5FD00506177 /* Diary-Bridging-Header.h */ = {isa = PBXFileReference; lastKnownFileType = sourcecode.c.h; path = "Diary-Bridging-Header.h"; sourceTree = "<group>"; };
		4DF7B0342263B5FE00506177 /* FMDatabaseAdditions.m */ = {isa = PBXFileReference; fileEncoding = 4; lastKnownFileType = sourcecode.c.objc; name = FMDatabaseAdditions.m; path = ../../Documents/fmdb/src/fmdb/FMDatabaseAdditions.m; sourceTree = "<group>"; };
		4DF7B0352263B5FE00506177 /* FMDB.h */ = {isa = PBXFileReference; fileEncoding = 4; lastKnownFileType = sourcecode.c.h; name = FMDB.h; path = ../../Documents/fmdb/src/fmdb/FMDB.h; sourceTree = "<group>"; };
		4DF7B0362263B5FE00506177 /* FMDatabasePool.m */ = {isa = PBXFileReference; fileEncoding = 4; lastKnownFileType = sourcecode.c.objc; name = FMDatabasePool.m; path = ../../Documents/fmdb/src/fmdb/FMDatabasePool.m; sourceTree = "<group>"; };
		4DF7B0372263B5FE00506177 /* FMDatabase.h */ = {isa = PBXFileReference; fileEncoding = 4; lastKnownFileType = sourcecode.c.h; name = FMDatabase.h; path = ../../Documents/fmdb/src/fmdb/FMDatabase.h; sourceTree = "<group>"; };
		4DF7B0382263B5FE00506177 /* FMDatabase.m */ = {isa = PBXFileReference; fileEncoding = 4; lastKnownFileType = sourcecode.c.objc; name = FMDatabase.m; path = ../../Documents/fmdb/src/fmdb/FMDatabase.m; sourceTree = "<group>"; };
		4DF7B0392263B5FE00506177 /* FMDatabasePool.h */ = {isa = PBXFileReference; fileEncoding = 4; lastKnownFileType = sourcecode.c.h; name = FMDatabasePool.h; path = ../../Documents/fmdb/src/fmdb/FMDatabasePool.h; sourceTree = "<group>"; };
		4DF7B03A2263B5FE00506177 /* FMResultSet.h */ = {isa = PBXFileReference; fileEncoding = 4; lastKnownFileType = sourcecode.c.h; name = FMResultSet.h; path = ../../Documents/fmdb/src/fmdb/FMResultSet.h; sourceTree = "<group>"; };
		4DF7B03B2263B5FF00506177 /* FMResultSet.m */ = {isa = PBXFileReference; fileEncoding = 4; lastKnownFileType = sourcecode.c.objc; name = FMResultSet.m; path = ../../Documents/fmdb/src/fmdb/FMResultSet.m; sourceTree = "<group>"; };
		4DF7B03C2263B5FF00506177 /* FMDatabaseAdditions.h */ = {isa = PBXFileReference; fileEncoding = 4; lastKnownFileType = sourcecode.c.h; name = FMDatabaseAdditions.h; path = ../../Documents/fmdb/src/fmdb/FMDatabaseAdditions.h; sourceTree = "<group>"; };
		4DF7B03D2263B5FF00506177 /* FMDatabaseQueue.m */ = {isa = PBXFileReference; fileEncoding = 4; lastKnownFileType = sourcecode.c.objc; name = FMDatabaseQueue.m; path = ../../Documents/fmdb/src/fmdb/FMDatabaseQueue.m; sourceTree = "<group>"; };
		4DF7B03E2263B5FF00506177 /* FMDatabaseQueue.h */ = {isa = PBXFileReference; fileEncoding = 4; lastKnownFileType = sourcecode.c.h; name = FMDatabaseQueue.h; path = ../../Documents/fmdb/src/fmdb/FMDatabaseQueue.h; sourceTree = "<group>"; };
/* End PBXFileReference section */

/* Begin PBXFrameworksBuildPhase section */
		4DCB00C6221E4CC800C73D14 /* Frameworks */ = {
			isa = PBXFrameworksBuildPhase;
			buildActionMask = 2147483647;
			files = (
				4DF7B0322263B43F00506177 /* libsqlite3.tbd in Frameworks */,
			);
			runOnlyForDeploymentPostprocessing = 0;
		};
/* End PBXFrameworksBuildPhase section */

/* Begin PBXGroup section */
		4DCB00C0221E4CC800C73D14 = {
			isa = PBXGroup;
			children = (
				4DF7B0302263B43F00506177 /* Frameworks */,
				4DCB00CA221E4CC800C73D14 /* Products */,
			);
			sourceTree = "<group>";
		};
		4DCB00CA221E4CC800C73D14 /* Products */ = {
			isa = PBXGroup;
			children = (
				4DCB00C9221E4CC800C73D14 /* Diary.app */,
			);
			name = Products;
			sourceTree = "<group>";
		};
		4DCB00CB221E4CC800C73D14 /* Diary */ = {
			isa = PBXGroup;
			children = (
				4D00C09622C68E9B000899EE /* FMDatabasePool.m */,
				4DF7B0372263B5FE00506177 /* FMDatabase.h */,
				4DF7B0382263B5FE00506177 /* FMDatabase.m */,
				4DF7B03C2263B5FF00506177 /* FMDatabaseAdditions.h */,
				4DF7B0342263B5FE00506177 /* FMDatabaseAdditions.m */,
				4DF7B0392263B5FE00506177 /* FMDatabasePool.h */,
				4DF7B0362263B5FE00506177 /* FMDatabasePool.m */,
				4DF7B03E2263B5FF00506177 /* FMDatabaseQueue.h */,
				4DF7B03D2263B5FF00506177 /* FMDatabaseQueue.m */,
				4DF7B0352263B5FE00506177 /* FMDB.h */,
				4DF7B03A2263B5FE00506177 /* FMResultSet.h */,
				4DF7B03B2263B5FF00506177 /* FMResultSet.m */,
				4DCB00CC221E4CC800C73D14 /* AppDelegate.swift */,
				4DCB00CE221E4CC800C73D14 /* ViewController.swift */,
				4DCB00D3221E4CC800C73D14 /* Assets.xcassets */,
				4DCB00D5221E4CC800C73D14 /* LaunchScreen.storyboard */,
				4DCB00D8221E4CC800C73D14 /* Info.plist */,
				4DCB00DE221E4D7C00C73D14 /* MonthView.swift */,
				4DCB00E0221E4D9F00C73D14 /* WeekdaysView.swift */,
				4DCB00E2221E4DCA00C73D14 /* CalenderView.swift */,
				4DCB00E42229670E00C73D14 /* DiaryView.swift */,
				4DCB00E62232F63B00C73D14 /* DiaryController.swift */,
				4DCB00EA2243AC8000C73D14 /* DiaryView.storyboard */,
				4DF7B0332263B5FD00506177 /* Diary-Bridging-Header.h */,
			);
			path = Diary;
			sourceTree = "<group>";
		};
		4DF7B0302263B43F00506177 /* Frameworks */ = {
			isa = PBXGroup;
			children = (
				4DCB00CB221E4CC800C73D14 /* Diary */,
				4DF7B0312263B43F00506177 /* libsqlite3.tbd */,
			);
			name = Frameworks;
			sourceTree = "<group>";
		};
/* End PBXGroup section */

/* Begin PBXNativeTarget section */
		4DCB00C8221E4CC800C73D14 /* Diary */ = {
			isa = PBXNativeTarget;
			buildConfigurationList = 4DCB00DB221E4CC800C73D14 /* Build configuration list for PBXNativeTarget "Diary" */;
			buildPhases = (
				4DCB00C5221E4CC800C73D14 /* Sources */,
				4DCB00C6221E4CC800C73D14 /* Frameworks */,
				4DCB00C7221E4CC800C73D14 /* Resources */,
			);
			buildRules = (
			);
			dependencies = (
			);
			name = Diary;
			productName = Diary;
			productReference = 4DCB00C9221E4CC800C73D14 /* Diary.app */;
			productType = "com.apple.product-type.application";
		};
/* End PBXNativeTarget section */

/* Begin PBXProject section */
		4DCB00C1221E4CC800C73D14 /* Project object */ = {
			isa = PBXProject;
			attributes = {
				LastSwiftUpdateCheck = 1010;
				LastUpgradeCheck = 1010;
				ORGANIZATIONNAME = to_kkeang;
				TargetAttributes = {
					4DCB00C8221E4CC800C73D14 = {
						CreatedOnToolsVersion = 10.1;
						LastSwiftMigration = 1010;
					};
				};
			};
			buildConfigurationList = 4DCB00C4221E4CC800C73D14 /* Build configuration list for PBXProject "Diary" */;
			compatibilityVersion = "Xcode 9.3";
			developmentRegion = en;
			hasScannedForEncodings = 0;
			knownRegions = (
				en,
				Base,
			);
			mainGroup = 4DCB00C0221E4CC800C73D14;
			productRefGroup = 4DCB00CA221E4CC800C73D14 /* Products */;
			projectDirPath = "";
			projectRoot = "";
			targets = (
				4DCB00C8221E4CC800C73D14 /* Diary */,
			);
		};
/* End PBXProject section */

/* Begin PBXResourcesBuildPhase section */
		4DCB00C7221E4CC800C73D14 /* Resources */ = {
			isa = PBXResourcesBuildPhase;
			buildActionMask = 2147483647;
			files = (
				4DCB00EB2243AC8000C73D14 /* DiaryView.storyboard in Resources */,
				4DCB00D7221E4CC800C73D14 /* LaunchScreen.storyboard in Resources */,
				4DCB00D4221E4CC800C73D14 /* Assets.xcassets in Resources */,
			);
			runOnlyForDeploymentPostprocessing = 0;
		};
/* End PBXResourcesBuildPhase section */

/* Begin PBXSourcesBuildPhase section */
		4DCB00C5221E4CC800C73D14 /* Sources */ = {
			isa = PBXSourcesBuildPhase;
			buildActionMask = 2147483647;
			files = (
				4DCB00CF221E4CC800C73D14 /* ViewController.swift in Sources */,
				4DCB00E1221E4D9F00C73D14 /* WeekdaysView.swift in Sources */,
				4D00C09722C68E9B000899EE /* FMDatabasePool.m in Sources */,
				4DCB00E72232F63B00C73D14 /* DiaryController.swift in Sources */,
				4DF7B0412263B5FF00506177 /* FMDatabase.m in Sources */,
				4DCB00E52229670E00C73D14 /* DiaryView.swift in Sources */,
				4DF7B0432263B5FF00506177 /* FMDatabaseQueue.m in Sources */,
				4DF7B0402263B5FF00506177 /* FMDatabasePool.m in Sources */,
				4DCB00DF221E4D7C00C73D14 /* MonthView.swift in Sources */,
				4DCB00E3221E4DCA00C73D14 /* CalenderView.swift in Sources */,
				4DF7B0422263B5FF00506177 /* FMResultSet.m in Sources */,
				4DCB00CD221E4CC800C73D14 /* AppDelegate.swift in Sources */,
				4DF7B03F2263B5FF00506177 /* FMDatabaseAdditions.m in Sources */,
			);
			runOnlyForDeploymentPostprocessing = 0;
		};
/* End PBXSourcesBuildPhase section */

/* Begin PBXVariantGroup section */
		4DCB00D5221E4CC800C73D14 /* LaunchScreen.storyboard */ = {
			isa = PBXVariantGroup;
			children = (
				4DCB00D6221E4CC800C73D14 /* Base */,
			);
			name = LaunchScreen.storyboard;
			sourceTree = "<group>";
		};
/* End PBXVariantGroup section */

/* Begin XCBuildConfiguration section */
		4DCB00D9221E4CC800C73D14 /* Debug */ = {
			isa = XCBuildConfiguration;
			buildSettings = {
				ALWAYS_SEARCH_USER_PATHS = NO;
				CLANG_ANALYZER_NONNULL = YES;
				CLANG_ANALYZER_NUMBER_OBJECT_CONVERSION = YES_AGGRESSIVE;
				CLANG_CXX_LANGUAGE_STANDARD = "gnu++14";
				CLANG_CXX_LIBRARY = "libc++";
				CLANG_ENABLE_MODULES = YES;
				CLANG_ENABLE_OBJC_ARC = YES;
				CLANG_ENABLE_OBJC_WEAK = YES;
				CLANG_WARN_BLOCK_CAPTURE_AUTORELEASING = YES;
				CLANG_WARN_BOOL_CONVERSION = YES;
				CLANG_WARN_COMMA = YES;
				CLANG_WARN_CONSTANT_CONVERSION = YES;
				CLANG_WARN_DEPRECATED_OBJC_IMPLEMENTATIONS = YES;
				CLANG_WARN_DIRECT_OBJC_ISA_USAGE = YES_ERROR;
				CLANG_WARN_DOCUMENTATION_COMMENTS = YES;
				CLANG_WARN_EMPTY_BODY = YES;
				CLANG_WARN_ENUM_CONVERSION = YES;
				CLANG_WARN_INFINITE_RECURSION = YES;
				CLANG_WARN_INT_CONVERSION = YES;
				CLANG_WARN_NON_LITERAL_NULL_CONVERSION = YES;
				CLANG_WARN_OBJC_IMPLICIT_RETAIN_SELF = YES;
				CLANG_WARN_OBJC_LITERAL_CONVERSION = YES;
				CLANG_WARN_OBJC_ROOT_CLASS = YES_ERROR;
				CLANG_WARN_RANGE_LOOP_ANALYSIS = YES;
				CLANG_WARN_STRICT_PROTOTYPES = YES;
				CLANG_WARN_SUSPICIOUS_MOVE = YES;
				CLANG_WARN_UNGUARDED_AVAILABILITY = YES_AGGRESSIVE;
				CLANG_WARN_UNREACHABLE_CODE = YES;
				CLANG_WARN__DUPLICATE_METHOD_MATCH = YES;
				CODE_SIGN_IDENTITY = "iPhone Developer";
				COPY_PHASE_STRIP = NO;
				DEBUG_INFORMATION_FORMAT = dwarf;
				ENABLE_STRICT_OBJC_MSGSEND = YES;
				ENABLE_TESTABILITY = YES;
				GCC_C_LANGUAGE_STANDARD = gnu11;
				GCC_DYNAMIC_NO_PIC = NO;
				GCC_NO_COMMON_BLOCKS = YES;
				GCC_OPTIMIZATION_LEVEL = 0;
				GCC_PREPROCESSOR_DEFINITIONS = (
					"DEBUG=1",
					"$(inherited)",
				);
				GCC_WARN_64_TO_32_BIT_CONVERSION = YES;
				GCC_WARN_ABOUT_RETURN_TYPE = YES_ERROR;
				GCC_WARN_UNDECLARED_SELECTOR = YES;
				GCC_WARN_UNINITIALIZED_AUTOS = YES_AGGRESSIVE;
				GCC_WARN_UNUSED_FUNCTION = YES;
				GCC_WARN_UNUSED_VARIABLE = YES;
				IPHONEOS_DEPLOYMENT_TARGET = 12.1;
				MTL_ENABLE_DEBUG_INFO = INCLUDE_SOURCE;
				MTL_FAST_MATH = YES;
				ONLY_ACTIVE_ARCH = YES;
				SDKROOT = iphoneos;
				SWIFT_ACTIVE_COMPILATION_CONDITIONS = DEBUG;
				SWIFT_OPTIMIZATION_LEVEL = "-Onone";
			};
			name = Debug;
		};
		4DCB00DA221E4CC800C73D14 /* Release */ = {
			isa = XCBuildConfiguration;
			buildSettings = {
				ALWAYS_SEARCH_USER_PATHS = NO;
				CLANG_ANALYZER_NONNULL = YES;
				CLANG_ANALYZER_NUMBER_OBJECT_CONVERSION = YES_AGGRESSIVE;
				CLANG_CXX_LANGUAGE_STANDARD = "gnu++14";
				CLANG_CXX_LIBRARY = "libc++";
				CLANG_ENABLE_MODULES = YES;
				CLANG_ENABLE_OBJC_ARC = YES;
				CLANG_ENABLE_OBJC_WEAK = YES;
				CLANG_WARN_BLOCK_CAPTURE_AUTORELEASING = YES;
				CLANG_WARN_BOOL_CONVERSION = YES;
				CLANG_WARN_COMMA = YES;
				CLANG_WARN_CONSTANT_CONVERSION = YES;
				CLANG_WARN_DEPRECATED_OBJC_IMPLEMENTATIONS = YES;
				CLANG_WARN_DIRECT_OBJC_ISA_USAGE = YES_ERROR;
				CLANG_WARN_DOCUMENTATION_COMMENTS = YES;
				CLANG_WARN_EMPTY_BODY = YES;
				CLANG_WARN_ENUM_CONVERSION = YES;
				CLANG_WARN_INFINITE_RECURSION = YES;
				CLANG_WARN_INT_CONVERSION = YES;
				CLANG_WARN_NON_LITERAL_NULL_CONVERSION = YES;
				CLANG_WARN_OBJC_IMPLICIT_RETAIN_SELF = YES;
				CLANG_WARN_OBJC_LITERAL_CONVERSION = YES;
				CLANG_WARN_OBJC_ROOT_CLASS = YES_ERROR;
				CLANG_WARN_RANGE_LOOP_ANALYSIS = YES;
				CLANG_WARN_STRICT_PROTOTYPES = YES;
				CLANG_WARN_SUSPICIOUS_MOVE = YES;
				CLANG_WARN_UNGUARDED_AVAILABILITY = YES_AGGRESSIVE;
				CLANG_WARN_UNREACHABLE_CODE = YES;
				CLANG_WARN__DUPLICATE_METHOD_MATCH = YES;
				CODE_SIGN_IDENTITY = "iPhone Developer";
				COPY_PHASE_STRIP = NO;
				DEBUG_INFORMATION_FORMAT = "dwarf-with-dsym";
				ENABLE_NS_ASSERTIONS = NO;
				ENABLE_STRICT_OBJC_MSGSEND = YES;
				GCC_C_LANGUAGE_STANDARD = gnu11;
				GCC_NO_COMMON_BLOCKS = YES;
				GCC_WARN_64_TO_32_BIT_CONVERSION = YES;
				GCC_WARN_ABOUT_RETURN_TYPE = YES_ERROR;
				GCC_WARN_UNDECLARED_SELECTOR = YES;
				GCC_WARN_UNINITIALIZED_AUTOS = YES_AGGRESSIVE;
				GCC_WARN_UNUSED_FUNCTION = YES;
				GCC_WARN_UNUSED_VARIABLE = YES;
				IPHONEOS_DEPLOYMENT_TARGET = 12.1;
				MTL_ENABLE_DEBUG_INFO = NO;
				MTL_FAST_MATH = YES;
				SDKROOT = iphoneos;
				SWIFT_COMPILATION_MODE = wholemodule;
				SWIFT_OPTIMIZATION_LEVEL = "-O";
				VALIDATE_PRODUCT = YES;
			};
			name = Release;
		};
		4DCB00DC221E4CC800C73D14 /* Debug */ = {
			isa = XCBuildConfiguration;
			buildSettings = {
				ASSETCATALOG_COMPILER_APPICON_NAME = AppIcon;
				CLANG_ENABLE_MODULES = YES;
				CODE_SIGN_IDENTITY = "iPhone Developer";
				CODE_SIGN_STYLE = Automatic;
				DEVELOPMENT_TEAM = "";
				INFOPLIST_FILE = Diary/Info.plist;
				LD_RUNPATH_SEARCH_PATHS = (
					"$(inherited)",
					"@executable_path/Frameworks",
				);
				PRODUCT_BUNDLE_IDENTIFIER = "to-kkeang.study.Diary";
				PRODUCT_NAME = "$(TARGET_NAME)";
				PROVISIONING_PROFILE_SPECIFIER = "";
				SWIFT_OBJC_BRIDGING_HEADER = "Diary/Diary-Bridging-Header.h";
				SWIFT_OPTIMIZATION_LEVEL = "-Onone";
				SWIFT_VERSION = 4.2;
				TARGETED_DEVICE_FAMILY = "1,2";
			};
			name = Debug;
		};
		4DCB00DD221E4CC800C73D14 /* Release */ = {
			isa = XCBuildConfiguration;
			buildSettings = {
				ASSETCATALOG_COMPILER_APPICON_NAME = AppIcon;
				CLANG_ENABLE_MODULES = YES;
				CODE_SIGN_IDENTITY = "iPhone Developer";
				CODE_SIGN_STYLE = Automatic;
				DEVELOPMENT_TEAM = "";
				INFOPLIST_FILE = Diary/Info.plist;
				LD_RUNPATH_SEARCH_PATHS = (
					"$(inherited)",
					"@executable_path/Frameworks",
				);
				PRODUCT_BUNDLE_IDENTIFIER = "to-kkeang.study.Diary";
				PRODUCT_NAME = "$(TARGET_NAME)";
				PROVISIONING_PROFILE_SPECIFIER = "";
				SWIFT_OBJC_BRIDGING_HEADER = "Diary/Diary-Bridging-Header.h";
				SWIFT_VERSION = 4.2;
				TARGETED_DEVICE_FAMILY = "1,2";
			};
			name = Release;
		};
/* End XCBuildConfiguration section */

/* Begin XCConfigurationList section */
		4DCB00C4221E4CC800C73D14 /* Build configuration list for PBXProject "Diary" */ = {
			isa = XCConfigurationList;
			buildConfigurations = (
				4DCB00D9221E4CC800C73D14 /* Debug */,
				4DCB00DA221E4CC800C73D14 /* Release */,
			);
			defaultConfigurationIsVisible = 0;
			defaultConfigurationName = Release;
		};
		4DCB00DB221E4CC800C73D14 /* Build configuration list for PBXNativeTarget "Diary" */ = {
			isa = XCConfigurationList;
			buildConfigurations = (
				4DCB00DC221E4CC800C73D14 /* Debug */,
				4DCB00DD221E4CC800C73D14 /* Release */,
			);
			defaultConfigurationIsVisible = 0;
			defaultConfigurationName = Release;
		};
/* End XCConfigurationList section */
	};
	rootObject = 4DCB00C1221E4CC800C73D14 /* Project object */;
}
